
Microsoft Visual Studio Solution File, Format Version 12.00
# Visual Studio Version 17
VisualStudioVersion = 17.3.32819.101
MinimumVisualStudioVersion = 10.0.40219.1
Project("{FAE04EC0-301F-11D3-BF4B-00C04F79EFBC}") = "MemoryGame", "MemoryGame\MemoryGame.csproj", "{BDEE44CA-3D20-4C10-B1DE-A2FD69B07002}"
EndProject
Global
	GlobalSection(SolutionConfigurationPlatforms) = preSolution
		Debug|Any CPU = Debug|Any CPU
		Release|Any CPU = Release|Any CPU
	EndGlobalSection
	GlobalSection(ProjectConfigurationPlatforms) = postSolution
		{BDEE44CA-3D20-4C10-B1DE-A2FD69B07002}.Debug|Any CPU.ActiveCfg = Debug|Any CPU
		{BDEE44CA-3D20-4C10-B1DE-A2FD69B07002}.Debug|Any CPU.Build.0 = Debug|Any CPU
		{BDEE44CA-3D20-4C10-B1DE-A2FD69B07002}.Release|Any CPU.ActiveCfg = Release|Any CPU
		{BDEE44CA-3D20-4C10-B1DE-A2FD69B07002}.Release|Any CPU.Build.0 = Release|Any CPU
	EndGlobalSection
	GlobalSection(SolutionProperties) = preSolution
		HideSolutionNode = FALSE
	EndGlobalSection
	GlobalSection(ExtensibilityGlobals) = postSolution
		SolutionGuid = {F4362386-3668-45ED-95BF-94D97262CDFB}
	EndGlobalSection
EndGlobal
